
Microsoft Visual Studio Solution File, Format Version 12.00
# Visual Studio 15
VisualStudioVersion = 15.0.27428.1
MinimumVisualStudioVersion = 10.0.40219.1
Project("{FAE04EC0-301F-11D3-BF4B-00C04F79EFBC}") = "JenkinsProject_NUNit", "JenkinsProject_NUNit\JenkinsProject_NUNit.csproj", "{794AC81D-DCA4-45CC-BFC4-B17DE21D7FCD}"
EndProject
Project("{FAE04EC0-301F-11D3-BF4B-00C04F79EFBC}") = "JenkinsProject_NUNit.Tests", "JenkinsProject_NUNit.Tests\JenkinsProject_NUNit.Tests.csproj", "{4CA723D2-6B89-446E-91BA-61C9F89BDC5F}"
EndProject
Global
	GlobalSection(SolutionConfigurationPlatforms) = preSolution
		Debug|Any CPU = Debug|Any CPU
		Release|Any CPU = Release|Any CPU
	EndGlobalSection
	GlobalSection(ProjectConfigurationPlatforms) = postSolution
		{794AC81D-DCA4-45CC-BFC4-B17DE21D7FCD}.Debug|Any CPU.ActiveCfg = Debug|Any CPU
		{794AC81D-DCA4-45CC-BFC4-B17DE21D7FCD}.Debug|Any CPU.Build.0 = Debug|Any CPU
		{794AC81D-DCA4-45CC-BFC4-B17DE21D7FCD}.Release|Any CPU.ActiveCfg = Release|Any CPU
		{794AC81D-DCA4-45CC-BFC4-B17DE21D7FCD}.Release|Any CPU.Build.0 = Release|Any CPU
		{4CA723D2-6B89-446E-91BA-61C9F89BDC5F}.Debug|Any CPU.ActiveCfg = Debug|Any CPU
		{4CA723D2-6B89-446E-91BA-61C9F89BDC5F}.Debug|Any CPU.Build.0 = Debug|Any CPU
		{4CA723D2-6B89-446E-91BA-61C9F89BDC5F}.Release|Any CPU.ActiveCfg = Release|Any CPU
		{4CA723D2-6B89-446E-91BA-61C9F89BDC5F}.Release|Any CPU.Build.0 = Release|Any CPU
	EndGlobalSection
	GlobalSection(SolutionProperties) = preSolution
		HideSolutionNode = FALSE
	EndGlobalSection
	GlobalSection(ExtensibilityGlobals) = postSolution
		SolutionGuid = {D1BEDFE5-80FB-430B-BF30-40063DFBA210}
	EndGlobalSection
EndGlobal
